
Microsoft Visual Studio Solution File, Format Version 12.00
# Visual Studio Version 16
VisualStudioVersion = 16.0.32106.194
MinimumVisualStudioVersion = 10.0.40219.1
Project("{9A19103F-16F7-4668-BE54-9A1E7A4F7556}") = "UserService", "UserService\UserService.csproj", "{83F04F84-C6EF-45A5-9AEA-C4CFD34A07DA}"
EndProject
Project("{9A19103F-16F7-4668-BE54-9A1E7A4F7556}") = "PostService", "PostService\PostService.csproj", "{772CB326-DA58-45FA-AEDA-5748AD4E626E}"
EndProject
Global
	GlobalSection(SolutionConfigurationPlatforms) = preSolution
		Debug|Any CPU = Debug|Any CPU
		Release|Any CPU = Release|Any CPU
	EndGlobalSection
	GlobalSection(ProjectConfigurationPlatforms) = postSolution
		{83F04F84-C6EF-45A5-9AEA-C4CFD34A07DA}.Debug|Any CPU.ActiveCfg = Debug|Any CPU
		{83F04F84-C6EF-45A5-9AEA-C4CFD34A07DA}.Debug|Any CPU.Build.0 = Debug|Any CPU
		{83F04F84-C6EF-45A5-9AEA-C4CFD34A07DA}.Release|Any CPU.ActiveCfg = Release|Any CPU
		{83F04F84-C6EF-45A5-9AEA-C4CFD34A07DA}.Release|Any CPU.Build.0 = Release|Any CPU
		{772CB326-DA58-45FA-AEDA-5748AD4E626E}.Debug|Any CPU.ActiveCfg = Debug|Any CPU
		{772CB326-DA58-45FA-AEDA-5748AD4E626E}.Debug|Any CPU.Build.0 = Debug|Any CPU
		{772CB326-DA58-45FA-AEDA-5748AD4E626E}.Release|Any CPU.ActiveCfg = Release|Any CPU
		{772CB326-DA58-45FA-AEDA-5748AD4E626E}.Release|Any CPU.Build.0 = Release|Any CPU
	EndGlobalSection
	GlobalSection(SolutionProperties) = preSolution
		HideSolutionNode = FALSE
	EndGlobalSection
	GlobalSection(ExtensibilityGlobals) = postSolution
		SolutionGuid = {13A4B4FD-731C-4797-9104-5464C449DA83}
	EndGlobalSection
EndGlobal
